
Microsoft Visual Studio Solution File, Format Version 12.00
# Visual Studio Version 17
VisualStudioVersion = 17.1.32421.90
MinimumVisualStudioVersion = 10.0.40219.1
Project("{FAE04EC0-301F-11D3-BF4B-00C04F79EFBC}") = "Calculadora Xamarin.Android", "Calculadora Xamarin\Calculadora Xamarin.Android\Calculadora Xamarin.Android.csproj", "{C0FEA6AD-8A61-4364-A051-E589DF69D25B}"
EndProject
Project("{FAE04EC0-301F-11D3-BF4B-00C04F79EFBC}") = "Calculadora Xamarin.iOS", "Calculadora Xamarin\Calculadora Xamarin.iOS\Calculadora Xamarin.iOS.csproj", "{70F0D90C-F5B0-4AAD-83FA-CD9DC9287C2C}"
EndProject
Project("{FAE04EC0-301F-11D3-BF4B-00C04F79EFBC}") = "Calculadora Xamarin", "Calculadora Xamarin\Calculadora Xamarin\Calculadora Xamarin.csproj", "{5827098A-05F3-4B36-97C4-11960EF54548}"
EndProject
Global
	GlobalSection(SolutionConfigurationPlatforms) = preSolution
		Debug|Any CPU = Debug|Any CPU
		Debug|iPhone = Debug|iPhone
		Debug|iPhoneSimulator = Debug|iPhoneSimulator
		Release|Any CPU = Release|Any CPU
		Release|iPhone = Release|iPhone
		Release|iPhoneSimulator = Release|iPhoneSimulator
	EndGlobalSection
	GlobalSection(ProjectConfigurationPlatforms) = postSolution
		{C0FEA6AD-8A61-4364-A051-E589DF69D25B}.Debug|Any CPU.ActiveCfg = Debug|Any CPU
		{C0FEA6AD-8A61-4364-A051-E589DF69D25B}.Debug|Any CPU.Build.0 = Debug|Any CPU
		{C0FEA6AD-8A61-4364-A051-E589DF69D25B}.Debug|Any CPU.Deploy.0 = Debug|Any CPU
		{C0FEA6AD-8A61-4364-A051-E589DF69D25B}.Debug|iPhone.ActiveCfg = Debug|Any CPU
		{C0FEA6AD-8A61-4364-A051-E589DF69D25B}.Debug|iPhone.Build.0 = Debug|Any CPU
		{C0FEA6AD-8A61-4364-A051-E589DF69D25B}.Debug|iPhone.Deploy.0 = Debug|Any CPU
		{C0FEA6AD-8A61-4364-A051-E589DF69D25B}.Debug|iPhoneSimulator.ActiveCfg = Debug|Any CPU
		{C0FEA6AD-8A61-4364-A051-E589DF69D25B}.Debug|iPhoneSimulator.Build.0 = Debug|Any CPU
		{C0FEA6AD-8A61-4364-A051-E589DF69D25B}.Debug|iPhoneSimulator.Deploy.0 = Debug|Any CPU
		{C0FEA6AD-8A61-4364-A051-E589DF69D25B}.Release|Any CPU.ActiveCfg = Release|Any CPU
		{C0FEA6AD-8A61-4364-A051-E589DF69D25B}.Release|Any CPU.Build.0 = Release|Any CPU
		{C0FEA6AD-8A61-4364-A051-E589DF69D25B}.Release|Any CPU.Deploy.0 = Release|Any CPU
		{C0FEA6AD-8A61-4364-A051-E589DF69D25B}.Release|iPhone.ActiveCfg = Release|Any CPU
		{C0FEA6AD-8A61-4364-A051-E589DF69D25B}.Release|iPhone.Build.0 = Release|Any CPU
		{C0FEA6AD-8A61-4364-A051-E589DF69D25B}.Release|iPhone.Deploy.0 = Release|Any CPU
		{C0FEA6AD-8A61-4364-A051-E589DF69D25B}.Release|iPhoneSimulator.ActiveCfg = Release|Any CPU
		{C0FEA6AD-8A61-4364-A051-E589DF69D25B}.Release|iPhoneSimulator.Build.0 = Release|Any CPU
		{C0FEA6AD-8A61-4364-A051-E589DF69D25B}.Release|iPhoneSimulator.Deploy.0 = Release|Any CPU
		{70F0D90C-F5B0-4AAD-83FA-CD9DC9287C2C}.Debug|Any CPU.ActiveCfg = Debug|iPhone
		{70F0D90C-F5B0-4AAD-83FA-CD9DC9287C2C}.Debug|Any CPU.Build.0 = Debug|iPhone
		{70F0D90C-F5B0-4AAD-83FA-CD9DC9287C2C}.Debug|Any CPU.Deploy.0 = Debug|iPhone
		{70F0D90C-F5B0-4AAD-83FA-CD9DC9287C2C}.Debug|iPhone.ActiveCfg = Debug|iPhone
		{70F0D90C-F5B0-4AAD-83FA-CD9DC9287C2C}.Debug|iPhone.Build.0 = Debug|iPhone
		{70F0D90C-F5B0-4AAD-83FA-CD9DC9287C2C}.Debug|iPhone.Deploy.0 = Debug|iPhone
		{70F0D90C-F5B0-4AAD-83FA-CD9DC9287C2C}.Debug|iPhoneSimulator.ActiveCfg = Debug|iPhoneSimulator
		{70F0D90C-F5B0-4AAD-83FA-CD9DC9287C2C}.Debug|iPhoneSimulator.Build.0 = Debug|iPhoneSimulator
		{70F0D90C-F5B0-4AAD-83FA-CD9DC9287C2C}.Debug|iPhoneSimulator.Deploy.0 = Debug|iPhoneSimulator
		{70F0D90C-F5B0-4AAD-83FA-CD9DC9287C2C}.Release|Any CPU.ActiveCfg = Release|iPhoneSimulator
		{70F0D90C-F5B0-4AAD-83FA-CD9DC9287C2C}.Release|Any CPU.Build.0 = Release|iPhoneSimulator
		{70F0D90C-F5B0-4AAD-83FA-CD9DC9287C2C}.Release|Any CPU.Deploy.0 = Release|iPhoneSimulator
		{70F0D90C-F5B0-4AAD-83FA-CD9DC9287C2C}.Release|iPhone.ActiveCfg = Release|iPhone
		{70F0D90C-F5B0-4AAD-83FA-CD9DC9287C2C}.Release|iPhone.Build.0 = Release|iPhone
		{70F0D90C-F5B0-4AAD-83FA-CD9DC9287C2C}.Release|iPhone.Deploy.0 = Release|iPhone
		{70F0D90C-F5B0-4AAD-83FA-CD9DC9287C2C}.Release|iPhoneSimulator.ActiveCfg = Release|iPhoneSimulator
		{70F0D90C-F5B0-4AAD-83FA-CD9DC9287C2C}.Release|iPhoneSimulator.Build.0 = Release|iPhoneSimulator
		{70F0D90C-F5B0-4AAD-83FA-CD9DC9287C2C}.Release|iPhoneSimulator.Deploy.0 = Release|iPhoneSimulator
		{5827098A-05F3-4B36-97C4-11960EF54548}.Debug|Any CPU.ActiveCfg = Debug|Any CPU
		{5827098A-05F3-4B36-97C4-11960EF54548}.Debug|Any CPU.Build.0 = Debug|Any CPU
		{5827098A-05F3-4B36-97C4-11960EF54548}.Debug|Any CPU.Deploy.0 = Debug|Any CPU
		{5827098A-05F3-4B36-97C4-11960EF54548}.Debug|iPhone.ActiveCfg = Debug|Any CPU
		{5827098A-05F3-4B36-97C4-11960EF54548}.Debug|iPhone.Build.0 = Debug|Any CPU
		{5827098A-05F3-4B36-97C4-11960EF54548}.Debug|iPhone.Deploy.0 = Debug|Any CPU
		{5827098A-05F3-4B36-97C4-11960EF54548}.Debug|iPhoneSimulator.ActiveCfg = Debug|Any CPU
		{5827098A-05F3-4B36-97C4-11960EF54548}.Debug|iPhoneSimulator.Build.0 = Debug|Any CPU
		{5827098A-05F3-4B36-97C4-11960EF54548}.Debug|iPhoneSimulator.Deploy.0 = Debug|Any CPU
		{5827098A-05F3-4B36-97C4-11960EF54548}.Release|Any CPU.ActiveCfg = Release|Any CPU
		{5827098A-05F3-4B36-97C4-11960EF54548}.Release|Any CPU.Build.0 = Release|Any CPU
		{5827098A-05F3-4B36-97C4-11960EF54548}.Release|Any CPU.Deploy.0 = Release|Any CPU
		{5827098A-05F3-4B36-97C4-11960EF54548}.Release|iPhone.ActiveCfg = Release|Any CPU
		{5827098A-05F3-4B36-97C4-11960EF54548}.Release|iPhone.Build.0 = Release|Any CPU
		{5827098A-05F3-4B36-97C4-11960EF54548}.Release|iPhone.Deploy.0 = Release|Any CPU
		{5827098A-05F3-4B36-97C4-11960EF54548}.Release|iPhoneSimulator.ActiveCfg = Release|Any CPU
		{5827098A-05F3-4B36-97C4-11960EF54548}.Release|iPhoneSimulator.Build.0 = Release|Any CPU
		{5827098A-05F3-4B36-97C4-11960EF54548}.Release|iPhoneSimulator.Deploy.0 = Release|Any CPU
	EndGlobalSection
	GlobalSection(SolutionProperties) = preSolution
		HideSolutionNode = FALSE
	EndGlobalSection
	GlobalSection(ExtensibilityGlobals) = postSolution
		SolutionGuid = {5E4364CA-19E4-42F8-B1F1-80916EC93D20}
	EndGlobalSection
EndGlobal
